
Microsoft Visual Studio Solution File, Format Version 12.00
# Visual Studio Version 17
VisualStudioVersion = 17.5.002.0
MinimumVisualStudioVersion = 10.0.40219.1
Project("{2150E333-8FDC-42A3-9474-1A3956D46DE8}") = "MyFSharpApp", "MyFSharpApp", "{C9D95FAA-2116-45A3-ABB8-E0A8EF72E7E6}"
EndProject
Project("{9A19103F-16F7-4668-BE54-9A1E7A4F7556}") = "MyCSharpApp", "MyFSharpApp\MyCSharpApp\MyCSharpApp.csproj", "{D537A252-CB75-429A-93FB-FF9929C6723E}"
EndProject
Global
	GlobalSection(SolutionConfigurationPlatforms) = preSolution
		Debug|Any CPU = Debug|Any CPU
		Release|Any CPU = Release|Any CPU
	EndGlobalSection
	GlobalSection(ProjectConfigurationPlatforms) = postSolution
		{D537A252-CB75-429A-93FB-FF9929C6723E}.Debug|Any CPU.ActiveCfg = Debug|Any CPU
		{D537A252-CB75-429A-93FB-FF9929C6723E}.Debug|Any CPU.Build.0 = Debug|Any CPU
		{D537A252-CB75-429A-93FB-FF9929C6723E}.Release|Any CPU.ActiveCfg = Release|Any CPU
		{D537A252-CB75-429A-93FB-FF9929C6723E}.Release|Any CPU.Build.0 = Release|Any CPU
	EndGlobalSection
	GlobalSection(SolutionProperties) = preSolution
		HideSolutionNode = FALSE
	EndGlobalSection
	GlobalSection(NestedProjects) = preSolution
		{D537A252-CB75-429A-93FB-FF9929C6723E} = {C9D95FAA-2116-45A3-ABB8-E0A8EF72E7E6}
	EndGlobalSection
	GlobalSection(ExtensibilityGlobals) = postSolution
		SolutionGuid = {EB0410FC-9193-4AA2-A57A-1558DF602E29}
	EndGlobalSection
EndGlobal
